
Microsoft Visual Studio Solution File, Format Version 12.00
# Visual Studio 15
VisualStudioVersion = 15.0.28010.2048
MinimumVisualStudioVersion = 10.0.40219.1
Project("{FAE04EC0-301F-11D3-BF4B-00C04F79EFBC}") = "Angular", "Angular\Angular.csproj", "{3580DE86-1228-4D26-9679-A6143C45C091}"
EndProject
Global
	GlobalSection(SolutionConfigurationPlatforms) = preSolution
		Debug|Any CPU = Debug|Any CPU
		Release|Any CPU = Release|Any CPU
	EndGlobalSection
	GlobalSection(ProjectConfigurationPlatforms) = postSolution
		{3580DE86-1228-4D26-9679-A6143C45C091}.Debug|Any CPU.ActiveCfg = Debug|Any CPU
		{3580DE86-1228-4D26-9679-A6143C45C091}.Debug|Any CPU.Build.0 = Debug|Any CPU
		{3580DE86-1228-4D26-9679-A6143C45C091}.Release|Any CPU.ActiveCfg = Release|Any CPU
		{3580DE86-1228-4D26-9679-A6143C45C091}.Release|Any CPU.Build.0 = Release|Any CPU
	EndGlobalSection
	GlobalSection(SolutionProperties) = preSolution
		HideSolutionNode = FALSE
	EndGlobalSection
	GlobalSection(ExtensibilityGlobals) = postSolution
		SolutionGuid = {75084377-6D97-4ABC-9BD3-64D1A1523DF5}
	EndGlobalSection
EndGlobal
